{
  "name": "main",
  "lockfileVersion": 2,
  "requires": true,
  "packages": {
    "": {
      "name": "main",
      "dependencies": {
        "@dataform/core": "3.0.0-beta.0"
      }
    },
    "node_modules/@dataform/core": {
      "version": "3.0.0-beta.0",
      "resolved": "https://registry.npmjs.org/@dataform/core/-/core-3.0.0-beta.0.tgz",
      "integrity": "jl3bwswu80PjjokCgh0o2w5c2U4LhQAE57gj9cz1kzA"
    }
  },
  "dependencies": {
    "@dataform/core": {
      "version": "3.0.0-beta.0",
      "resolved": "https://registry.npmjs.org/@dataform/core/-/core-3.0.0-beta.0.tgz",
      "integrity": "jl3bwswu80PjjokCgh0o2w5c2U4LhQAE57gj9cz1kzA"
    }
  }
}
